github.com/gammazero/deque v0.1.1 h1:xRVkDuSvDmFuMGf3IquHuRc2jlL0+v/WpFCWaauzwbE=
github.com/gammazero/deque v0.1.1/go.mod h1:KQw7vFau1hHuM8xmI9RbgKFbAsQFWmBpqQ2KenFLk6M=
gopkg.in/getlantern/deepcopy.v1 v1.0.0-20140913144530-b923171e8640 h1:fAfAHq363jp6NTMDHNe4EhfiIBPRR0JFJuBefZyVLaM=
gopkg.in/getlantern/deepcopy.v1 v1.0.0-20140913144530-b923171e8640/go.mod h1:FeLAK3+BLfs7XMpGW8/75D+a2nq5bemZgvOR5BkhcYA=
winterdrache.de/golib v0.0.0-20180611202533-782cc2630c6f h1:2EwLocAjr996KiP/EkFhd1Au0ejDZFCVf1KLJe6s+3E=
winterdrache.de/golib v0.0.0-20180611202533-782cc2630c6f/go.mod h1:EEaUF0svVcYFqVVZuUzu7m/+2AdtRtqlXqyzqlkbaw4=
